# Auto-generated by ktx. Do not edit by hand.
schema = 1

[script]
hash = "74f954cf9d7ba59ade2e2069b829acc4ceca6671c6e3254fcdaae629b0498010"

[[directs]]
coordinates = "com.fasterxml.jackson.core:jackson-databind:2.18.0"
files = [
  "com/fasterxml/jackson/core/jackson-annotations/2.18.0/jackson-annotations-2.18.0.jar",
  "com/fasterxml/jackson/core/jackson-core/2.18.0/jackson-core-2.18.0.jar",
  "com/fasterxml/jackson/core/jackson-databind/2.18.0/jackson-databind-2.18.0.jar",
]

